
Microsoft Visual Studio Solution File, Format Version 12.00
# Visual Studio Version 17
VisualStudioVersion = 17.5.33516.290
MinimumVisualStudioVersion = 10.0.40219.1
Project("{FAE04EC0-301F-11D3-BF4B-00C04F79EFBC}") = "Task2", "Task2\Task2.csproj", "{2DD154F5-FAA2-4C50-AFA6-62460743C8FF}"
EndProject
Project("{FAE04EC0-301F-11D3-BF4B-00C04F79EFBC}") = "Task2.Domain", "Task2.Domain\Task2.Domain.csproj", "{2D59F1E8-4B82-4E39-A206-C3E9D010B700}"
EndProject
Global
	GlobalSection(SolutionConfigurationPlatforms) = preSolution
		Debug|Any CPU = Debug|Any CPU
		Release|Any CPU = Release|Any CPU
	EndGlobalSection
	GlobalSection(ProjectConfigurationPlatforms) = postSolution
		{2DD154F5-FAA2-4C50-AFA6-62460743C8FF}.Debug|Any CPU.ActiveCfg = Debug|Any CPU
		{2DD154F5-FAA2-4C50-AFA6-62460743C8FF}.Debug|Any CPU.Build.0 = Debug|Any CPU
		{2DD154F5-FAA2-4C50-AFA6-62460743C8FF}.Release|Any CPU.ActiveCfg = Release|Any CPU
		{2DD154F5-FAA2-4C50-AFA6-62460743C8FF}.Release|Any CPU.Build.0 = Release|Any CPU
		{2D59F1E8-4B82-4E39-A206-C3E9D010B700}.Debug|Any CPU.ActiveCfg = Debug|Any CPU
		{2D59F1E8-4B82-4E39-A206-C3E9D010B700}.Debug|Any CPU.Build.0 = Debug|Any CPU
		{2D59F1E8-4B82-4E39-A206-C3E9D010B700}.Release|Any CPU.ActiveCfg = Release|Any CPU
		{2D59F1E8-4B82-4E39-A206-C3E9D010B700}.Release|Any CPU.Build.0 = Release|Any CPU
	EndGlobalSection
	GlobalSection(SolutionProperties) = preSolution
		HideSolutionNode = FALSE
	EndGlobalSection
	GlobalSection(ExtensibilityGlobals) = postSolution
		SolutionGuid = {E9C81754-40D5-4552-95C7-1136D1AE9ADA}
	EndGlobalSection
EndGlobal
