
Microsoft Visual Studio Solution File, Format Version 12.00
# Visual Studio Version 17
VisualStudioVersion = 17.5.33516.290
MinimumVisualStudioVersion = 10.0.40219.1
Project("{FAE04EC0-301F-11D3-BF4B-00C04F79EFBC}") = "Task2", "Task2\Task2.csproj", "{DB26839A-192D-492C-B5AA-34B86DE7DC5B}"
EndProject
Project("{FAE04EC0-301F-11D3-BF4B-00C04F79EFBC}") = "Task2.Domain", "Task2.Domain\Task2.Domain.csproj", "{E10C3B5E-B08A-4CCF-B9F4-2CB13079F726}"
EndProject
Global
	GlobalSection(SolutionConfigurationPlatforms) = preSolution
		Debug|Any CPU = Debug|Any CPU
		Release|Any CPU = Release|Any CPU
	EndGlobalSection
	GlobalSection(ProjectConfigurationPlatforms) = postSolution
		{DB26839A-192D-492C-B5AA-34B86DE7DC5B}.Debug|Any CPU.ActiveCfg = Debug|Any CPU
		{DB26839A-192D-492C-B5AA-34B86DE7DC5B}.Debug|Any CPU.Build.0 = Debug|Any CPU
		{DB26839A-192D-492C-B5AA-34B86DE7DC5B}.Release|Any CPU.ActiveCfg = Release|Any CPU
		{DB26839A-192D-492C-B5AA-34B86DE7DC5B}.Release|Any CPU.Build.0 = Release|Any CPU
		{E10C3B5E-B08A-4CCF-B9F4-2CB13079F726}.Debug|Any CPU.ActiveCfg = Debug|Any CPU
		{E10C3B5E-B08A-4CCF-B9F4-2CB13079F726}.Debug|Any CPU.Build.0 = Debug|Any CPU
		{E10C3B5E-B08A-4CCF-B9F4-2CB13079F726}.Release|Any CPU.ActiveCfg = Release|Any CPU
		{E10C3B5E-B08A-4CCF-B9F4-2CB13079F726}.Release|Any CPU.Build.0 = Release|Any CPU
	EndGlobalSection
	GlobalSection(SolutionProperties) = preSolution
		HideSolutionNode = FALSE
	EndGlobalSection
	GlobalSection(ExtensibilityGlobals) = postSolution
		SolutionGuid = {C9C21686-E029-4264-B6B5-D2D9E15610AB}
	EndGlobalSection
EndGlobal
