
Microsoft Visual Studio Solution File, Format Version 12.00
# Visual Studio Version 17
VisualStudioVersion = 17.5.33530.505
MinimumVisualStudioVersion = 10.0.40219.1
Project("{FAE04EC0-301F-11D3-BF4B-00C04F79EFBC}") = "Task1", "Task1\Task1.csproj", "{220033C3-F0F2-47C7-B541-3F4369D068E5}"
EndProject
Global
	GlobalSection(SolutionConfigurationPlatforms) = preSolution
		Debug|Any CPU = Debug|Any CPU
		Release|Any CPU = Release|Any CPU
	EndGlobalSection
	GlobalSection(ProjectConfigurationPlatforms) = postSolution
		{220033C3-F0F2-47C7-B541-3F4369D068E5}.Debug|Any CPU.ActiveCfg = Debug|Any CPU
		{220033C3-F0F2-47C7-B541-3F4369D068E5}.Debug|Any CPU.Build.0 = Debug|Any CPU
		{220033C3-F0F2-47C7-B541-3F4369D068E5}.Release|Any CPU.ActiveCfg = Release|Any CPU
		{220033C3-F0F2-47C7-B541-3F4369D068E5}.Release|Any CPU.Build.0 = Release|Any CPU
	EndGlobalSection
	GlobalSection(SolutionProperties) = preSolution
		HideSolutionNode = FALSE
	EndGlobalSection
	GlobalSection(ExtensibilityGlobals) = postSolution
		SolutionGuid = {6EBE2DCF-4A2E-496F-9A80-CD14E512E00E}
	EndGlobalSection
EndGlobal
